// !$*UTF8*$!
{
	archiveVersion = 1;
	classes = {
	};
	objectVersion = 46;
	objects = {

/* Begin PBXBuildFile section */
		6F515AF51E6EC0130062B141 /* AppDelegate.swift in Sources */ = {isa = PBXBuildFile; fileRef = 6F515AF41E6EC0130062B141 /* AppDelegate.swift */; };
		6F515AFC1E6EC0130062B141 /* Assets.xcassets in Resources */ = {isa = PBXBuildFile; fileRef = 6F515AFB1E6EC0130062B141 /* Assets.xcassets */; };
		6F515AFF1E6EC0130062B141 /* LaunchScreen.storyboard in Resources */ = {isa = PBXBuildFile; fileRef = 6F515AFD1E6EC0130062B141 /* LaunchScreen.storyboard */; };
		6F515B0A1E6EC0130062B141 /* BaseProjectTests.swift in Sources */ = {isa = PBXBuildFile; fileRef = 6F515B091E6EC0130062B141 /* BaseProjectTests.swift */; };
		6F515B151E6EC0130062B141 /* BaseProjectUITests.swift in Sources */ = {isa = PBXBuildFile; fileRef = 6F515B141E6EC0130062B141 /* BaseProjectUITests.swift */; };
		6F515B271E6EC0B50062B141 /* Router.swift in Sources */ = {isa = PBXBuildFile; fileRef = 6F515B261E6EC0B50062B141 /* Router.swift */; };
		6F515B291E6EC0C00062B141 /* PresenterInstances.swift in Sources */ = {isa = PBXBuildFile; fileRef = 6F515B281E6EC0C00062B141 /* PresenterInstances.swift */; };
		6F515B2C1E6EC1170062B141 /* FirstScreenViewController.swift in Sources */ = {isa = PBXBuildFile; fileRef = 6F515B2B1E6EC1170062B141 /* FirstScreenViewController.swift */; };
		6F515B2E1E6EC12C0062B141 /* FirstScreenPresenter.swift in Sources */ = {isa = PBXBuildFile; fileRef = 6F515B2D1E6EC12C0062B141 /* FirstScreenPresenter.swift */; };
		6F515B301E6EC13F0062B141 /* FirstScreenPresenterDelegate.swift in Sources */ = {isa = PBXBuildFile; fileRef = 6F515B2F1E6EC13F0062B141 /* FirstScreenPresenterDelegate.swift */; };
		6F515B321E6EC14D0062B141 /* FirstScreenViewControllerDelegate.swift in Sources */ = {isa = PBXBuildFile; fileRef = 6F515B311E6EC14D0062B141 /* FirstScreenViewControllerDelegate.swift */; };
		6F515B341E6EC1700062B141 /* FirstScreenViewController.xib in Resources */ = {isa = PBXBuildFile; fileRef = 6F515B331E6EC1700062B141 /* FirstScreenViewController.xib */; };
		6F515B3C1E6F0CF00062B141 /* SecondScreenViewController.swift in Sources */ = {isa = PBXBuildFile; fileRef = 6F515B3B1E6F0CF00062B141 /* SecondScreenViewController.swift */; };
		6F515B3E1E6F0CFF0062B141 /* SecondScreenPresenter.swift in Sources */ = {isa = PBXBuildFile; fileRef = 6F515B3D1E6F0CFF0062B141 /* SecondScreenPresenter.swift */; };
		6F515B401E6F0D0C0062B141 /* SecondScreenPresenterDelegate.swift in Sources */ = {isa = PBXBuildFile; fileRef = 6F515B3F1E6F0D0C0062B141 /* SecondScreenPresenterDelegate.swift */; };
		6F515B421E6F0D1E0062B141 /* SecondScreenViewControllerDelegate.swift in Sources */ = {isa = PBXBuildFile; fileRef = 6F515B411E6F0D1E0062B141 /* SecondScreenViewControllerDelegate.swift */; };
		6F515B461E6F13F20062B141 /* Product.swift in Sources */ = {isa = PBXBuildFile; fileRef = 6F515B451E6F13F20062B141 /* Product.swift */; };
		6F515B481E6F160F0062B141 /* DataSourceDelegate.swift in Sources */ = {isa = PBXBuildFile; fileRef = 6F515B471E6F160F0062B141 /* DataSourceDelegate.swift */; };
		6F515B4A1E6F162E0062B141 /* DataSource.swift in Sources */ = {isa = PBXBuildFile; fileRef = 6F515B491E6F162E0062B141 /* DataSource.swift */; };
		6F515B4C1E6F172F0062B141 /* RouterDelegate.swift in Sources */ = {isa = PBXBuildFile; fileRef = 6F515B4B1E6F172F0062B141 /* RouterDelegate.swift */; };
		6F515B4E1E6F19F10062B141 /* WebServices.swift in Sources */ = {isa = PBXBuildFile; fileRef = 6F515B4D1E6F19F10062B141 /* WebServices.swift */; };
		6F515B511E6F20CA0062B141 /* PrettyLog.swift in Sources */ = {isa = PBXBuildFile; fileRef = 6F515B501E6F20CA0062B141 /* PrettyLog.swift */; };
		6F515B551E6F219B0062B141 /* WebServicesLogger.swift in Sources */ = {isa = PBXBuildFile; fileRef = 6F515B541E6F219B0062B141 /* WebServicesLogger.swift */; };
		6F515B581E7000E20062B141 /* UIAlertControllerExtension.swift in Sources */ = {isa = PBXBuildFile; fileRef = 6F515B571E7000E20062B141 /* UIAlertControllerExtension.swift */; };
		6F515B5C1E702B960062B141 /* NetworkObserver.swift in Sources */ = {isa = PBXBuildFile; fileRef = 6F515B5A1E702B960062B141 /* NetworkObserver.swift */; };
		6F515B5E1E7043DA0062B141 /* Network.swift in Sources */ = {isa = PBXBuildFile; fileRef = 6F515B5D1E7043DA0062B141 /* Network.swift */; };
		6F515B611E7056BA0062B141 /* DefaultsDelegate.swift in Sources */ = {isa = PBXBuildFile; fileRef = 6F515B601E7056BA0062B141 /* DefaultsDelegate.swift */; };
		6F515B631E7056CD0062B141 /* Defaults.swift in Sources */ = {isa = PBXBuildFile; fileRef = 6F515B621E7056CD0062B141 /* Defaults.swift */; };
		6F5E68481E76FAB600C3782A /* UIViewConstraintsExtension.swift in Sources */ = {isa = PBXBuildFile; fileRef = 6F5E68471E76FAB600C3782A /* UIViewConstraintsExtension.swift */; };
		6F6B03D01E716C5D0049662C /* Cache.swift in Sources */ = {isa = PBXBuildFile; fileRef = 6F6B03CF1E716C5D0049662C /* Cache.swift */; };
		6F89452C1E783A7100C58E99 /* UIDeviceInchesExtension.swift in Sources */ = {isa = PBXBuildFile; fileRef = 6F89452B1E783A7100C58E99 /* UIDeviceInchesExtension.swift */; };
		6F89452E1E783F0A00C58E99 /* UIColorRGBExtension.swift in Sources */ = {isa = PBXBuildFile; fileRef = 6F89452D1E783F0A00C58E99 /* UIColorRGBExtension.swift */; };
		6F8945301E783F7A00C58E99 /* UIColorPaletteExtension.swift in Sources */ = {isa = PBXBuildFile; fileRef = 6F89452F1E783F7A00C58E99 /* UIColorPaletteExtension.swift */; };
		6F8945331E78432A00C58E99 /* VersionInfo.m in Sources */ = {isa = PBXBuildFile; fileRef = 6F8945321E78432A00C58E99 /* VersionInfo.m */; };
		6F8A3B901E6F2E9C0068BA02 /* WebServicesFromLocal.swift in Sources */ = {isa = PBXBuildFile; fileRef = 6F8A3B8F1E6F2E9C0068BA02 /* WebServicesFromLocal.swift */; };
		6F8A3B931E6F2F4C0068BA02 /* WebServicesDelegate.swift in Sources */ = {isa = PBXBuildFile; fileRef = 6F8A3B921E6F2F4C0068BA02 /* WebServicesDelegate.swift */; };
		6F8A3B961E6F32840068BA02 /* products.json in Resources */ = {isa = PBXBuildFile; fileRef = 6F8A3B951E6F32840068BA02 /* products.json */; };
		6F8A3B991E6F34FF0068BA02 /* Localizable.strings in Resources */ = {isa = PBXBuildFile; fileRef = 6F8A3B9B1E6F34FF0068BA02 /* Localizable.strings */; };
		6F9591681E7811C800BC9CCE /* UIViewLoadableFromNib.swift in Sources */ = {isa = PBXBuildFile; fileRef = 6F9591671E7811C800BC9CCE /* UIViewLoadableFromNib.swift */; };
		6F95916A1E782C3400BC9CCE /* CustomView.swift in Sources */ = {isa = PBXBuildFile; fileRef = 6F9591691E782C3400BC9CCE /* CustomView.swift */; };
		6F95916C1E782C5B00BC9CCE /* CustomView.xib in Resources */ = {isa = PBXBuildFile; fileRef = 6F95916B1E782C5B00BC9CCE /* CustomView.xib */; };
		6F95916E1E782D3900BC9CCE /* CustomViewDelegate.swift in Sources */ = {isa = PBXBuildFile; fileRef = 6F95916D1E782D3900BC9CCE /* CustomViewDelegate.swift */; };
		6FAC05641E72CE6700A4FBB0 /* SecondScreenTableViewCell.swift in Sources */ = {isa = PBXBuildFile; fileRef = 6FAC05631E72CE6700A4FBB0 /* SecondScreenTableViewCell.swift */; };
		6FAC05661E72D06D00A4FBB0 /* ImageDownloader.swift in Sources */ = {isa = PBXBuildFile; fileRef = 6FAC05651E72D06D00A4FBB0 /* ImageDownloader.swift */; };
		6FF766851E6F47DF00F6468F /* SecondScreenViewController.xib in Resources */ = {isa = PBXBuildFile; fileRef = 6FF766841E6F47DF00F6468F /* SecondScreenViewController.xib */; };
		6FF766871E6F48BD00F6468F /* SecondScreenTableDelegates.swift in Sources */ = {isa = PBXBuildFile; fileRef = 6FF766861E6F48BD00F6468F /* SecondScreenTableDelegates.swift */; };
		6FF766891E6F48CC00F6468F /* SecondScreenTableListener.swift in Sources */ = {isa = PBXBuildFile; fileRef = 6FF766881E6F48CC00F6468F /* SecondScreenTableListener.swift */; };
		6FF7668D1E6F4C0300F6468F /* SecondScreenTableViewCell.xib in Resources */ = {isa = PBXBuildFile; fileRef = 6FF7668C1E6F4C0300F6468F /* SecondScreenTableViewCell.xib */; };
		8150D28927C6990CFE44ADDA /* Pods_BaseProjectTests.framework in Frameworks */ = {isa = PBXBuildFile; fileRef = 75F7BFF5371AF8D32F89B7C9 /* Pods_BaseProjectTests.framework */; };
		B121615F2D6EAC109F5AEDC9 /* Pods_BaseProjectUITests.framework in Frameworks */ = {isa = PBXBuildFile; fileRef = DBA0CF46E3B573860023DFDD /* Pods_BaseProjectUITests.framework */; };
		C09208FBEBDC8CF9CFA795E1 /* Pods_BaseProject.framework in Frameworks */ = {isa = PBXBuildFile; fileRef = FB29EDEE726C0BC5DB1C1AD2 /* Pods_BaseProject.framework */; };
/* End PBXBuildFile section */

/* Begin PBXContainerItemProxy section */
		6F515B061E6EC0130062B141 /* PBXContainerItemProxy */ = {
			isa = PBXContainerItemProxy;
			containerPortal = 6F515AE91E6EC0130062B141 /* Project object */;
			proxyType = 1;
			remoteGlobalIDString = 6F515AF01E6EC0130062B141;
			remoteInfo = BaseProject;
		};
		6F515B111E6EC0130062B141 /* PBXContainerItemProxy */ = {
			isa = PBXContainerItemProxy;
			containerPortal = 6F515AE91E6EC0130062B141 /* Project object */;
			proxyType = 1;
			remoteGlobalIDString = 6F515AF01E6EC0130062B141;
			remoteInfo = BaseProject;
		};
/* End PBXContainerItemProxy section */

/* Begin PBXFileReference section */
		52ED6C05F0D04BE6DBCD2468 /* Pods-BaseProject.debug.xcconfig */ = {isa = PBXFileReference; includeInIndex = 1; lastKnownFileType = text.xcconfig; name = "Pods-BaseProject.debug.xcconfig"; path = "Pods/Target Support Files/Pods-BaseProject/Pods-BaseProject.debug.xcconfig"; sourceTree = "<group>"; };
		5FEF7087D3F2C89696FA108A /* Pods-BaseProjectTests.release.xcconfig */ = {isa = PBXFileReference; includeInIndex = 1; lastKnownFileType = text.xcconfig; name = "Pods-BaseProjectTests.release.xcconfig"; path = "Pods/Target Support Files/Pods-BaseProjectTests/Pods-BaseProjectTests.release.xcconfig"; sourceTree = "<group>"; };
		67C2C356E9CDA45BD7920D64 /* Pods-BaseProject.release.xcconfig */ = {isa = PBXFileReference; includeInIndex = 1; lastKnownFileType = text.xcconfig; name = "Pods-BaseProject.release.xcconfig"; path = "Pods/Target Support Files/Pods-BaseProject/Pods-BaseProject.release.xcconfig"; sourceTree = "<group>"; };
		6F515AF11E6EC0130062B141 /* BaseProject.app */ = {isa = PBXFileReference; explicitFileType = wrapper.application; includeInIndex = 0; path = BaseProject.app; sourceTree = BUILT_PRODUCTS_DIR; };
		6F515AF41E6EC0130062B141 /* AppDelegate.swift */ = {isa = PBXFileReference; lastKnownFileType = sourcecode.swift; path = AppDelegate.swift; sourceTree = "<group>"; };
		6F515AFB1E6EC0130062B141 /* Assets.xcassets */ = {isa = PBXFileReference; lastKnownFileType = folder.assetcatalog; path = Assets.xcassets; sourceTree = "<group>"; };
		6F515AFE1E6EC0130062B141 /* Base */ = {isa = PBXFileReference; lastKnownFileType = file.storyboard; name = Base; path = Base.lproj/LaunchScreen.storyboard; sourceTree = "<group>"; };
		6F515B001E6EC0130062B141 /* Info.plist */ = {isa = PBXFileReference; lastKnownFileType = text.plist.xml; path = Info.plist; sourceTree = "<group>"; };
		6F515B051E6EC0130062B141 /* BaseProjectTests.xctest */ = {isa = PBXFileReference; explicitFileType = wrapper.cfbundle; includeInIndex = 0; path = BaseProjectTests.xctest; sourceTree = BUILT_PRODUCTS_DIR; };
		6F515B091E6EC0130062B141 /* BaseProjectTests.swift */ = {isa = PBXFileReference; lastKnownFileType = sourcecode.swift; path = BaseProjectTests.swift; sourceTree = "<group>"; };
		6F515B0B1E6EC0130062B141 /* Info.plist */ = {isa = PBXFileReference; lastKnownFileType = text.plist.xml; path = Info.plist; sourceTree = "<group>"; };
		6F515B101E6EC0130062B141 /* BaseProjectUITests.xctest */ = {isa = PBXFileReference; explicitFileType = wrapper.cfbundle; includeInIndex = 0; path = BaseProjectUITests.xctest; sourceTree = BUILT_PRODUCTS_DIR; };
		6F515B141E6EC0130062B141 /* BaseProjectUITests.swift */ = {isa = PBXFileReference; lastKnownFileType = sourcecode.swift; path = BaseProjectUITests.swift; sourceTree = "<group>"; };
		6F515B161E6EC0130062B141 /* Info.plist */ = {isa = PBXFileReference; lastKnownFileType = text.plist.xml; path = Info.plist; sourceTree = "<group>"; };
		6F515B261E6EC0B50062B141 /* Router.swift */ = {isa = PBXFileReference; fileEncoding = 4; lastKnownFileType = sourcecode.swift; path = Router.swift; sourceTree = "<group>"; };
		6F515B281E6EC0C00062B141 /* PresenterInstances.swift */ = {isa = PBXFileReference; fileEncoding = 4; lastKnownFileType = sourcecode.swift; path = PresenterInstances.swift; sourceTree = "<group>"; };
		6F515B2B1E6EC1170062B141 /* FirstScreenViewController.swift */ = {isa = PBXFileReference; fileEncoding = 4; lastKnownFileType = sourcecode.swift; path = FirstScreenViewController.swift; sourceTree = "<group>"; };
		6F515B2D1E6EC12C0062B141 /* FirstScreenPresenter.swift */ = {isa = PBXFileReference; fileEncoding = 4; lastKnownFileType = sourcecode.swift; path = FirstScreenPresenter.swift; sourceTree = "<group>"; };
		6F515B2F1E6EC13F0062B141 /* FirstScreenPresenterDelegate.swift */ = {isa = PBXFileReference; fileEncoding = 4; lastKnownFileType = sourcecode.swift; path = FirstScreenPresenterDelegate.swift; sourceTree = "<group>"; };
		6F515B311E6EC14D0062B141 /* FirstScreenViewControllerDelegate.swift */ = {isa = PBXFileReference; fileEncoding = 4; lastKnownFileType = sourcecode.swift; path = FirstScreenViewControllerDelegate.swift; sourceTree = "<group>"; };
		6F515B331E6EC1700062B141 /* FirstScreenViewController.xib */ = {isa = PBXFileReference; fileEncoding = 4; lastKnownFileType = file.xib; path = FirstScreenViewController.xib; sourceTree = "<group>"; };
		6F515B3B1E6F0CF00062B141 /* SecondScreenViewController.swift */ = {isa = PBXFileReference; fileEncoding = 4; lastKnownFileType = sourcecode.swift; path = SecondScreenViewController.swift; sourceTree = "<group>"; };
		6F515B3D1E6F0CFF0062B141 /* SecondScreenPresenter.swift */ = {isa = PBXFileReference; fileEncoding = 4; lastKnownFileType = sourcecode.swift; path = SecondScreenPresenter.swift; sourceTree = "<group>"; };
		6F515B3F1E6F0D0C0062B141 /* SecondScreenPresenterDelegate.swift */ = {isa = PBXFileReference; fileEncoding = 4; lastKnownFileType = sourcecode.swift; path = SecondScreenPresenterDelegate.swift; sourceTree = "<group>"; };
		6F515B411E6F0D1E0062B141 /* SecondScreenViewControllerDelegate.swift */ = {isa = PBXFileReference; fileEncoding = 4; lastKnownFileType = sourcecode.swift; path = SecondScreenViewControllerDelegate.swift; sourceTree = "<group>"; };
		6F515B451E6F13F20062B141 /* Product.swift */ = {isa = PBXFileReference; fileEncoding = 4; lastKnownFileType = sourcecode.swift; path = Product.swift; sourceTree = "<group>"; };
		6F515B471E6F160F0062B141 /* DataSourceDelegate.swift */ = {isa = PBXFileReference; fileEncoding = 4; lastKnownFileType = sourcecode.swift; path = DataSourceDelegate.swift; sourceTree = "<group>"; };
		6F515B491E6F162E0062B141 /* DataSource.swift */ = {isa = PBXFileReference; fileEncoding = 4; lastKnownFileType = sourcecode.swift; path = DataSource.swift; sourceTree = "<group>"; };
		6F515B4B1E6F172F0062B141 /* RouterDelegate.swift */ = {isa = PBXFileReference; fileEncoding = 4; lastKnownFileType = sourcecode.swift; path = RouterDelegate.swift; sourceTree = "<group>"; };
		6F515B4D1E6F19F10062B141 /* WebServices.swift */ = {isa = PBXFileReference; fileEncoding = 4; lastKnownFileType = sourcecode.swift; path = WebServices.swift; sourceTree = "<group>"; };
		6F515B501E6F20CA0062B141 /* PrettyLog.swift */ = {isa = PBXFileReference; fileEncoding = 4; lastKnownFileType = sourcecode.swift; path = PrettyLog.swift; sourceTree = "<group>"; };
		6F515B541E6F219B0062B141 /* WebServicesLogger.swift */ = {isa = PBXFileReference; fileEncoding = 4; lastKnownFileType = sourcecode.swift; path = WebServicesLogger.swift; sourceTree = "<group>"; };
		6F515B571E7000E20062B141 /* UIAlertControllerExtension.swift */ = {isa = PBXFileReference; fileEncoding = 4; lastKnownFileType = sourcecode.swift; path = UIAlertControllerExtension.swift; sourceTree = "<group>"; };
		6F515B5A1E702B960062B141 /* NetworkObserver.swift */ = {isa = PBXFileReference; fileEncoding = 4; lastKnownFileType = sourcecode.swift; path = NetworkObserver.swift; sourceTree = "<group>"; };
		6F515B5D1E7043DA0062B141 /* Network.swift */ = {isa = PBXFileReference; fileEncoding = 4; lastKnownFileType = sourcecode.swift; path = Network.swift; sourceTree = "<group>"; };
		6F515B601E7056BA0062B141 /* DefaultsDelegate.swift */ = {isa = PBXFileReference; fileEncoding = 4; lastKnownFileType = sourcecode.swift; path = DefaultsDelegate.swift; sourceTree = "<group>"; };
		6F515B621E7056CD0062B141 /* Defaults.swift */ = {isa = PBXFileReference; fileEncoding = 4; lastKnownFileType = sourcecode.swift; path = Defaults.swift; sourceTree = "<group>"; };
		6F515B641E705D570062B141 /* BaseProject-Bridging-Header.h */ = {isa = PBXFileReference; lastKnownFileType = sourcecode.c.h; path = "BaseProject-Bridging-Header.h"; sourceTree = "<group>"; };
		6F5E68471E76FAB600C3782A /* UIViewConstraintsExtension.swift */ = {isa = PBXFileReference; fileEncoding = 4; lastKnownFileType = sourcecode.swift; path = UIViewConstraintsExtension.swift; sourceTree = "<group>"; };
		6F6B03CF1E716C5D0049662C /* Cache.swift */ = {isa = PBXFileReference; fileEncoding = 4; lastKnownFileType = sourcecode.swift; path = Cache.swift; sourceTree = "<group>"; };
		6F89452B1E783A7100C58E99 /* UIDeviceInchesExtension.swift */ = {isa = PBXFileReference; fileEncoding = 4; lastKnownFileType = sourcecode.swift; path = UIDeviceInchesExtension.swift; sourceTree = "<group>"; };
		6F89452D1E783F0A00C58E99 /* UIColorRGBExtension.swift */ = {isa = PBXFileReference; fileEncoding = 4; lastKnownFileType = sourcecode.swift; path = UIColorRGBExtension.swift; sourceTree = "<group>"; };
		6F89452F1E783F7A00C58E99 /* UIColorPaletteExtension.swift */ = {isa = PBXFileReference; fileEncoding = 4; lastKnownFileType = sourcecode.swift; path = UIColorPaletteExtension.swift; sourceTree = "<group>"; };
		6F8945311E78432A00C58E99 /* VersionInfo.h */ = {isa = PBXFileReference; fileEncoding = 4; lastKnownFileType = sourcecode.c.h; path = VersionInfo.h; sourceTree = "<group>"; };
		6F8945321E78432A00C58E99 /* VersionInfo.m */ = {isa = PBXFileReference; fileEncoding = 4; lastKnownFileType = sourcecode.c.objc; path = VersionInfo.m; sourceTree = "<group>"; };
		6F8A3B8F1E6F2E9C0068BA02 /* WebServicesFromLocal.swift */ = {isa = PBXFileReference; fileEncoding = 4; lastKnownFileType = sourcecode.swift; path = WebServicesFromLocal.swift; sourceTree = "<group>"; };
		6F8A3B921E6F2F4C0068BA02 /* WebServicesDelegate.swift */ = {isa = PBXFileReference; fileEncoding = 4; lastKnownFileType = sourcecode.swift; path = WebServicesDelegate.swift; sourceTree = "<group>"; };
		6F8A3B951E6F32840068BA02 /* products.json */ = {isa = PBXFileReference; fileEncoding = 4; lastKnownFileType = text.json; path = products.json; sourceTree = "<group>"; };
		6F8A3B9A1E6F34FF0068BA02 /* Base */ = {isa = PBXFileReference; lastKnownFileType = text.plist.strings; name = Base; path = Base.lproj/Localizable.strings; sourceTree = "<group>"; };
		6F9591671E7811C800BC9CCE /* UIViewLoadableFromNib.swift */ = {isa = PBXFileReference; fileEncoding = 4; lastKnownFileType = sourcecode.swift; path = UIViewLoadableFromNib.swift; sourceTree = "<group>"; };
		6F9591691E782C3400BC9CCE /* CustomView.swift */ = {isa = PBXFileReference; fileEncoding = 4; lastKnownFileType = sourcecode.swift; path = CustomView.swift; sourceTree = "<group>"; };
		6F95916B1E782C5B00BC9CCE /* CustomView.xib */ = {isa = PBXFileReference; fileEncoding = 4; lastKnownFileType = file.xib; path = CustomView.xib; sourceTree = "<group>"; };
		6F95916D1E782D3900BC9CCE /* CustomViewDelegate.swift */ = {isa = PBXFileReference; fileEncoding = 4; lastKnownFileType = sourcecode.swift; path = CustomViewDelegate.swift; sourceTree = "<group>"; };
		6FAC05631E72CE6700A4FBB0 /* SecondScreenTableViewCell.swift */ = {isa = PBXFileReference; fileEncoding = 4; lastKnownFileType = sourcecode.swift; path = SecondScreenTableViewCell.swift; sourceTree = "<group>"; };
		6FAC05651E72D06D00A4FBB0 /* ImageDownloader.swift */ = {isa = PBXFileReference; fileEncoding = 4; lastKnownFileType = sourcecode.swift; path = ImageDownloader.swift; sourceTree = "<group>"; };
		6FF766841E6F47DF00F6468F /* SecondScreenViewController.xib */ = {isa = PBXFileReference; fileEncoding = 4; lastKnownFileType = file.xib; path = SecondScreenViewController.xib; sourceTree = "<group>"; };
		6FF766861E6F48BD00F6468F /* SecondScreenTableDelegates.swift */ = {isa = PBXFileReference; fileEncoding = 4; lastKnownFileType = sourcecode.swift; path = SecondScreenTableDelegates.swift; sourceTree = "<group>"; };
		6FF766881E6F48CC00F6468F /* SecondScreenTableListener.swift */ = {isa = PBXFileReference; fileEncoding = 4; lastKnownFileType = sourcecode.swift; path = SecondScreenTableListener.swift; sourceTree = "<group>"; };
		6FF7668C1E6F4C0300F6468F /* SecondScreenTableViewCell.xib */ = {isa = PBXFileReference; fileEncoding = 4; lastKnownFileType = file.xib; path = SecondScreenTableViewCell.xib; sourceTree = "<group>"; };
		6FF9EFCA1E706159004C7011 /* BaseProject.pch */ = {isa = PBXFileReference; fileEncoding = 4; lastKnownFileType = sourcecode.c.h; path = BaseProject.pch; sourceTree = "<group>"; };
		75F7BFF5371AF8D32F89B7C9 /* Pods_BaseProjectTests.framework */ = {isa = PBXFileReference; explicitFileType = wrapper.framework; includeInIndex = 0; path = Pods_BaseProjectTests.framework; sourceTree = BUILT_PRODUCTS_DIR; };
		8EAA926986630E91553532B3 /* Pods-BaseProjectTests.debug.xcconfig */ = {isa = PBXFileReference; includeInIndex = 1; lastKnownFileType = text.xcconfig; name = "Pods-BaseProjectTests.debug.xcconfig"; path = "Pods/Target Support Files/Pods-BaseProjectTests/Pods-BaseProjectTests.debug.xcconfig"; sourceTree = "<group>"; };
		DBA0CF46E3B573860023DFDD /* Pods_BaseProjectUITests.framework */ = {isa = PBXFileReference; explicitFileType = wrapper.framework; includeInIndex = 0; path = Pods_BaseProjectUITests.framework; sourceTree = BUILT_PRODUCTS_DIR; };
		F0A1656418D0AD9E16680C01 /* Pods-BaseProjectUITests.release.xcconfig */ = {isa = PBXFileReference; includeInIndex = 1; lastKnownFileType = text.xcconfig; name = "Pods-BaseProjectUITests.release.xcconfig"; path = "Pods/Target Support Files/Pods-BaseProjectUITests/Pods-BaseProjectUITests.release.xcconfig"; sourceTree = "<group>"; };
		FB29EDEE726C0BC5DB1C1AD2 /* Pods_BaseProject.framework */ = {isa = PBXFileReference; explicitFileType = wrapper.framework; includeInIndex = 0; path = Pods_BaseProject.framework; sourceTree = BUILT_PRODUCTS_DIR; };
		FDC6D2E1B20D908624B6E0C7 /* Pods-BaseProjectUITests.debug.xcconfig */ = {isa = PBXFileReference; includeInIndex = 1; lastKnownFileType = text.xcconfig; name = "Pods-BaseProjectUITests.debug.xcconfig"; path = "Pods/Target Support Files/Pods-BaseProjectUITests/Pods-BaseProjectUITests.debug.xcconfig"; sourceTree = "<group>"; };
/* End PBXFileReference section */

/* Begin PBXFrameworksBuildPhase section */
		6F515AEE1E6EC0130062B141 /* Frameworks */ = {
			isa = PBXFrameworksBuildPhase;
			buildActionMask = 2147483647;
			files = (
				C09208FBEBDC8CF9CFA795E1 /* Pods_BaseProject.framework in Frameworks */,
			);
			runOnlyForDeploymentPostprocessing = 0;
		};
		6F515B021E6EC0130062B141 /* Frameworks */ = {
			isa = PBXFrameworksBuildPhase;
			buildActionMask = 2147483647;
			files = (
				8150D28927C6990CFE44ADDA /* Pods_BaseProjectTests.framework in Frameworks */,
			);
			runOnlyForDeploymentPostprocessing = 0;
		};
		6F515B0D1E6EC0130062B141 /* Frameworks */ = {
			isa = PBXFrameworksBuildPhase;
			buildActionMask = 2147483647;
			files = (
				B121615F2D6EAC109F5AEDC9 /* Pods_BaseProjectUITests.framework in Frameworks */,
			);
			runOnlyForDeploymentPostprocessing = 0;
		};
/* End PBXFrameworksBuildPhase section */

/* Begin PBXGroup section */
		6F515AE81E6EC0130062B141 = {
			isa = PBXGroup;
			children = (
				6F515AF31E6EC0130062B141 /* BaseProject */,
				6F515B081E6EC0130062B141 /* BaseProjectTests */,
				6F515B131E6EC0130062B141 /* BaseProjectUITests */,
				6F515AF21E6EC0130062B141 /* Products */,
				8727EF43D6D890B93F523DFD /* Pods */,
				D2A826648097D8DFCEEFD837 /* Frameworks */,
			);
			sourceTree = "<group>";
		};
		6F515AF21E6EC0130062B141 /* Products */ = {
			isa = PBXGroup;
			children = (
				6F515AF11E6EC0130062B141 /* BaseProject.app */,
				6F515B051E6EC0130062B141 /* BaseProjectTests.xctest */,
				6F515B101E6EC0130062B141 /* BaseProjectUITests.xctest */,
			);
			name = Products;
			sourceTree = "<group>";
		};
		6F515AF31E6EC0130062B141 /* BaseProject */ = {
			isa = PBXGroup;
			children = (
				6F515B251E6EC08D0062B141 /* app navigation */,
				6F515B221E6EC0450062B141 /* use cases */,
				6F515B231E6EC04D0062B141 /* data */,
				6F515B4F1E6F20820062B141 /* utils */,
				6F515B241E6EC05D0062B141 /* supporting files */,
				6F515AF41E6EC0130062B141 /* AppDelegate.swift */,
				6F515AFB1E6EC0130062B141 /* Assets.xcassets */,
			);
			path = BaseProject;
			sourceTree = "<group>";
		};
		6F515B081E6EC0130062B141 /* BaseProjectTests */ = {
			isa = PBXGroup;
			children = (
				6F515B091E6EC0130062B141 /* BaseProjectTests.swift */,
				6F515B0B1E6EC0130062B141 /* Info.plist */,
			);
			path = BaseProjectTests;
			sourceTree = "<group>";
		};
		6F515B131E6EC0130062B141 /* BaseProjectUITests */ = {
			isa = PBXGroup;
			children = (
				6F515B141E6EC0130062B141 /* BaseProjectUITests.swift */,
				6F515B161E6EC0130062B141 /* Info.plist */,
			);
			path = BaseProjectUITests;
			sourceTree = "<group>";
		};
		6F515B221E6EC0450062B141 /* use cases */ = {
			isa = PBXGroup;
			children = (
				6F515B2A1E6EC0FD0062B141 /* first screen */,
				6F515B381E6F0CC60062B141 /* second screen */,
			);
			name = "use cases";
			sourceTree = "<group>";
		};
		6F515B231E6EC04D0062B141 /* data */ = {
			isa = PBXGroup;
			children = (
				6F515B441E6F13E20062B141 /* sources */,
				6F515B431E6F13DB0062B141 /* models */,
			);
			name = data;
			sourceTree = "<group>";
		};
		6F515B241E6EC05D0062B141 /* supporting files */ = {
			isa = PBXGroup;
			children = (
				6F515AFD1E6EC0130062B141 /* LaunchScreen.storyboard */,
				6F515B001E6EC0130062B141 /* Info.plist */,
				6F8A3B9B1E6F34FF0068BA02 /* Localizable.strings */,
				6F515B641E705D570062B141 /* BaseProject-Bridging-Header.h */,
				6FF9EFCA1E706159004C7011 /* BaseProject.pch */,
			);
			name = "supporting files";
			sourceTree = "<group>";
		};
		6F515B251E6EC08D0062B141 /* app navigation */ = {
			isa = PBXGroup;
			children = (
				6F515B281E6EC0C00062B141 /* PresenterInstances.swift */,
				6F515B4B1E6F172F0062B141 /* RouterDelegate.swift */,
				6F515B261E6EC0B50062B141 /* Router.swift */,
			);
			name = "app navigation";
			sourceTree = "<group>";
		};
		6F515B2A1E6EC0FD0062B141 /* first screen */ = {
			isa = PBXGroup;
			children = (
				6F95916B1E782C5B00BC9CCE /* CustomView.xib */,
				6F9591691E782C3400BC9CCE /* CustomView.swift */,
				6F95916D1E782D3900BC9CCE /* CustomViewDelegate.swift */,
				6F515B331E6EC1700062B141 /* FirstScreenViewController.xib */,
				6F515B2B1E6EC1170062B141 /* FirstScreenViewController.swift */,
				6F515B311E6EC14D0062B141 /* FirstScreenViewControllerDelegate.swift */,
				6F515B2F1E6EC13F0062B141 /* FirstScreenPresenterDelegate.swift */,
				6F515B2D1E6EC12C0062B141 /* FirstScreenPresenter.swift */,
			);
			name = "first screen";
			sourceTree = "<group>";
		};
		6F515B381E6F0CC60062B141 /* second screen */ = {
			isa = PBXGroup;
			children = (
				6FF7668C1E6F4C0300F6468F /* SecondScreenTableViewCell.xib */,
				6FAC05631E72CE6700A4FBB0 /* SecondScreenTableViewCell.swift */,
				6FF766841E6F47DF00F6468F /* SecondScreenViewController.xib */,
				6FF766861E6F48BD00F6468F /* SecondScreenTableDelegates.swift */,
				6FF766881E6F48CC00F6468F /* SecondScreenTableListener.swift */,
				6F515B3B1E6F0CF00062B141 /* SecondScreenViewController.swift */,
				6F515B411E6F0D1E0062B141 /* SecondScreenViewControllerDelegate.swift */,
				6F515B3F1E6F0D0C0062B141 /* SecondScreenPresenterDelegate.swift */,
				6F515B3D1E6F0CFF0062B141 /* SecondScreenPresenter.swift */,
			);
			name = "second screen";
			sourceTree = "<group>";
		};
		6F515B431E6F13DB0062B141 /* models */ = {
			isa = PBXGroup;
			children = (
				6F515B451E6F13F20062B141 /* Product.swift */,
			);
			name = models;
			sourceTree = "<group>";
		};
		6F515B441E6F13E20062B141 /* sources */ = {
			isa = PBXGroup;
			children = (
				6F515B5F1E70569E0062B141 /* defaults */,
				6F8A3B911E6F2F320068BA02 /* webservices */,
				6F515B471E6F160F0062B141 /* DataSourceDelegate.swift */,
				6F515B491E6F162E0062B141 /* DataSource.swift */,
			);
			name = sources;
			sourceTree = "<group>";
		};
		6F515B4F1E6F20820062B141 /* utils */ = {
			isa = PBXGroup;
			children = (
				6F95916F1E7833FC00BC9CCE /* subclasses */,
				6F515B561E6FFDA80062B141 /* extensions */,
				6F515B501E6F20CA0062B141 /* PrettyLog.swift */,
				6F515B5D1E7043DA0062B141 /* Network.swift */,
				6F515B5A1E702B960062B141 /* NetworkObserver.swift */,
				6FAC05651E72D06D00A4FBB0 /* ImageDownloader.swift */,
				6F8945311E78432A00C58E99 /* VersionInfo.h */,
				6F8945321E78432A00C58E99 /* VersionInfo.m */,
			);
			name = utils;
			sourceTree = "<group>";
		};
		6F515B561E6FFDA80062B141 /* extensions */ = {
			isa = PBXGroup;
			children = (
				6F515B571E7000E20062B141 /* UIAlertControllerExtension.swift */,
				6F89452D1E783F0A00C58E99 /* UIColorRGBExtension.swift */,
				6F89452F1E783F7A00C58E99 /* UIColorPaletteExtension.swift */,
				6F89452B1E783A7100C58E99 /* UIDeviceInchesExtension.swift */,
				6F5E68471E76FAB600C3782A /* UIViewConstraintsExtension.swift */,
			);
			name = extensions;
			sourceTree = "<group>";
		};
		6F515B5F1E70569E0062B141 /* defaults */ = {
			isa = PBXGroup;
			children = (
				6F515B621E7056CD0062B141 /* Defaults.swift */,
				6F515B601E7056BA0062B141 /* DefaultsDelegate.swift */,
			);
			name = defaults;
			sourceTree = "<group>";
		};
		6F8A3B911E6F2F320068BA02 /* webservices */ = {
			isa = PBXGroup;
			children = (
				6F8A3B941E6F326E0068BA02 /* json */,
				6F6B03CF1E716C5D0049662C /* Cache.swift */,
				6F515B4D1E6F19F10062B141 /* WebServices.swift */,
				6F515B541E6F219B0062B141 /* WebServicesLogger.swift */,
				6F8A3B8F1E6F2E9C0068BA02 /* WebServicesFromLocal.swift */,
				6F8A3B921E6F2F4C0068BA02 /* WebServicesDelegate.swift */,
			);
			name = webservices;
			sourceTree = "<group>";
		};
		6F8A3B941E6F326E0068BA02 /* json */ = {
			isa = PBXGroup;
			children = (
				6F8A3B951E6F32840068BA02 /* products.json */,
			);
			name = json;
			sourceTree = "<group>";
		};
		6F95916F1E7833FC00BC9CCE /* subclasses */ = {
			isa = PBXGroup;
			children = (
				6F9591671E7811C800BC9CCE /* UIViewLoadableFromNib.swift */,
			);
			name = subclasses;
			sourceTree = "<group>";
		};
		8727EF43D6D890B93F523DFD /* Pods */ = {
			isa = PBXGroup;
			children = (
				52ED6C05F0D04BE6DBCD2468 /* Pods-BaseProject.debug.xcconfig */,
				67C2C356E9CDA45BD7920D64 /* Pods-BaseProject.release.xcconfig */,
				8EAA926986630E91553532B3 /* Pods-BaseProjectTests.debug.xcconfig */,
				5FEF7087D3F2C89696FA108A /* Pods-BaseProjectTests.release.xcconfig */,
				FDC6D2E1B20D908624B6E0C7 /* Pods-BaseProjectUITests.debug.xcconfig */,
				F0A1656418D0AD9E16680C01 /* Pods-BaseProjectUITests.release.xcconfig */,
			);
			name = Pods;
			sourceTree = "<group>";
		};
		D2A826648097D8DFCEEFD837 /* Frameworks */ = {
			isa = PBXGroup;
			children = (
				FB29EDEE726C0BC5DB1C1AD2 /* Pods_BaseProject.framework */,
				75F7BFF5371AF8D32F89B7C9 /* Pods_BaseProjectTests.framework */,
				DBA0CF46E3B573860023DFDD /* Pods_BaseProjectUITests.framework */,
			);
			name = Frameworks;
			sourceTree = "<group>";
		};
/* End PBXGroup section */

/* Begin PBXNativeTarget section */
		6F515AF01E6EC0130062B141 /* BaseProject */ = {
			isa = PBXNativeTarget;
			buildConfigurationList = 6F515B191E6EC0130062B141 /* Build configuration list for PBXNativeTarget "BaseProject" */;
			buildPhases = (
				1CF25A8D61B9122ABA9E131A /* [CP] Check Pods Manifest.lock */,
				6F515AED1E6EC0130062B141 /* Sources */,
				6F515AEE1E6EC0130062B141 /* Frameworks */,
				6F515AEF1E6EC0130062B141 /* Resources */,
				81BF294784267F71E39F6FFF /* [CP] Embed Pods Frameworks */,
				9C2B9BB6AB7247EC00E53087 /* [CP] Copy Pods Resources */,
			);
			buildRules = (
			);
			dependencies = (
			);
			name = BaseProject;
			productName = BaseProject;
			productReference = 6F515AF11E6EC0130062B141 /* BaseProject.app */;
			productType = "com.apple.product-type.application";
		};
		6F515B041E6EC0130062B141 /* BaseProjectTests */ = {
			isa = PBXNativeTarget;
			buildConfigurationList = 6F515B1C1E6EC0130062B141 /* Build configuration list for PBXNativeTarget "BaseProjectTests" */;
			buildPhases = (
				BB04DAF09B1EF98BB1ADEA9C /* [CP] Check Pods Manifest.lock */,
				6F515B011E6EC0130062B141 /* Sources */,
				6F515B021E6EC0130062B141 /* Frameworks */,
				6F515B031E6EC0130062B141 /* Resources */,
				F22CE095412C3B84EEBC16B4 /* [CP] Embed Pods Frameworks */,
				89897C7241143682AD1C541C /* [CP] Copy Pods Resources */,
			);
			buildRules = (
			);
			dependencies = (
				6F515B071E6EC0130062B141 /* PBXTargetDependency */,
			);
			name = BaseProjectTests;
			productName = BaseProjectTests;
			productReference = 6F515B051E6EC0130062B141 /* BaseProjectTests.xctest */;
			productType = "com.apple.product-type.bundle.unit-test";
		};
		6F515B0F1E6EC0130062B141 /* BaseProjectUITests */ = {
			isa = PBXNativeTarget;
			buildConfigurationList = 6F515B1F1E6EC0130062B141 /* Build configuration list for PBXNativeTarget "BaseProjectUITests" */;
			buildPhases = (
				B1AA2DA1E9788225E3EB5BC8 /* [CP] Check Pods Manifest.lock */,
				6F515B0C1E6EC0130062B141 /* Sources */,
				6F515B0D1E6EC0130062B141 /* Frameworks */,
				6F515B0E1E6EC0130062B141 /* Resources */,
				87CCB1B1844081589AB52A1D /* [CP] Embed Pods Frameworks */,
				01588B98907280A211E10FEC /* [CP] Copy Pods Resources */,
			);
			buildRules = (
			);
			dependencies = (
				6F515B121E6EC0130062B141 /* PBXTargetDependency */,
			);
			name = BaseProjectUITests;
			productName = BaseProjectUITests;
			productReference = 6F515B101E6EC0130062B141 /* BaseProjectUITests.xctest */;
			productType = "com.apple.product-type.bundle.ui-testing";
		};
/* End PBXNativeTarget section */

/* Begin PBXProject section */
		6F515AE91E6EC0130062B141 /* Project object */ = {
			isa = PBXProject;
			attributes = {
				LastSwiftUpdateCheck = 0820;
				LastUpgradeCheck = 0820;
				ORGANIZATIONNAME = "Jaime Aranaz";
				TargetAttributes = {
					6F515AF01E6EC0130062B141 = {
						CreatedOnToolsVersion = 8.2.1;
						DevelopmentTeam = X7FQ3DUR48;
						LastSwiftMigration = 0820;
						ProvisioningStyle = Automatic;
					};
					6F515B041E6EC0130062B141 = {
						CreatedOnToolsVersion = 8.2.1;
						DevelopmentTeam = X7FQ3DUR48;
						ProvisioningStyle = Automatic;
						TestTargetID = 6F515AF01E6EC0130062B141;
					};
					6F515B0F1E6EC0130062B141 = {
						CreatedOnToolsVersion = 8.2.1;
						DevelopmentTeam = X7FQ3DUR48;
						ProvisioningStyle = Automatic;
						TestTargetID = 6F515AF01E6EC0130062B141;
					};
				};
			};
			buildConfigurationList = 6F515AEC1E6EC0130062B141 /* Build configuration list for PBXProject "BaseProject" */;
			compatibilityVersion = "Xcode 3.2";
			developmentRegion = English;
			hasScannedForEncodings = 0;
			knownRegions = (
				en,
				Base,
			);
			mainGroup = 6F515AE81E6EC0130062B141;
			productRefGroup = 6F515AF21E6EC0130062B141 /* Products */;
			projectDirPath = "";
			projectRoot = "";
			targets = (
				6F515AF01E6EC0130062B141 /* BaseProject */,
				6F515B041E6EC0130062B141 /* BaseProjectTests */,
				6F515B0F1E6EC0130062B141 /* BaseProjectUITests */,
			);
		};
/* End PBXProject section */

/* Begin PBXResourcesBuildPhase section */
		6F515AEF1E6EC0130062B141 /* Resources */ = {
			isa = PBXResourcesBuildPhase;
			buildActionMask = 2147483647;
			files = (
				6F8A3B961E6F32840068BA02 /* products.json in Resources */,
				6F8A3B991E6F34FF0068BA02 /* Localizable.strings in Resources */,
				6F515AFF1E6EC0130062B141 /* LaunchScreen.storyboard in Resources */,
				6FF766851E6F47DF00F6468F /* SecondScreenViewController.xib in Resources */,
				6F515B341E6EC1700062B141 /* FirstScreenViewController.xib in Resources */,
				6F95916C1E782C5B00BC9CCE /* CustomView.xib in Resources */,
				6FF7668D1E6F4C0300F6468F /* SecondScreenTableViewCell.xib in Resources */,
				6F515AFC1E6EC0130062B141 /* Assets.xcassets in Resources */,
			);
			runOnlyForDeploymentPostprocessing = 0;
		};
		6F515B031E6EC0130062B141 /* Resources */ = {
			isa = PBXResourcesBuildPhase;
			buildActionMask = 2147483647;
			files = (
			);
			runOnlyForDeploymentPostprocessing = 0;
		};
		6F515B0E1E6EC0130062B141 /* Resources */ = {
			isa = PBXResourcesBuildPhase;
			buildActionMask = 2147483647;
			files = (
			);
			runOnlyForDeploymentPostprocessing = 0;
		};
/* End PBXResourcesBuildPhase section */

/* Begin PBXShellScriptBuildPhase section */
		01588B98907280A211E10FEC /* [CP] Copy Pods Resources */ = {
			isa = PBXShellScriptBuildPhase;
			buildActionMask = 2147483647;
			files = (
			);
			inputPaths = (
			);
			name = "[CP] Copy Pods Resources";
			outputPaths = (
			);
			runOnlyForDeploymentPostprocessing = 0;
			shellPath = /bin/sh;
			shellScript = "\"${SRCROOT}/Pods/Target Support Files/Pods-BaseProjectUITests/Pods-BaseProjectUITests-resources.sh\"\n";
			showEnvVarsInLog = 0;
		};
		1CF25A8D61B9122ABA9E131A /* [CP] Check Pods Manifest.lock */ = {
			isa = PBXShellScriptBuildPhase;
			buildActionMask = 2147483647;
			files = (
			);
			inputPaths = (
			);
			name = "[CP] Check Pods Manifest.lock";
			outputPaths = (
			);
			runOnlyForDeploymentPostprocessing = 0;
			shellPath = /bin/sh;
			shellScript = "diff \"${PODS_ROOT}/../Podfile.lock\" \"${PODS_ROOT}/Manifest.lock\" > /dev/null\nif [ $? != 0 ] ; then\n    # print error to STDERR\n    echo \"error: The sandbox is not in sync with the Podfile.lock. Run 'pod install' or update your CocoaPods installation.\" >&2\n    exit 1\nfi\n";
			showEnvVarsInLog = 0;
		};
		81BF294784267F71E39F6FFF /* [CP] Embed Pods Frameworks */ = {
			isa = PBXShellScriptBuildPhase;
			buildActionMask = 2147483647;
			files = (
			);
			inputPaths = (
			);
			name = "[CP] Embed Pods Frameworks";
			outputPaths = (
			);
			runOnlyForDeploymentPostprocessing = 0;
			shellPath = /bin/sh;
			shellScript = "\"${SRCROOT}/Pods/Target Support Files/Pods-BaseProject/Pods-BaseProject-frameworks.sh\"\n";
			showEnvVarsInLog = 0;
		};
		87CCB1B1844081589AB52A1D /* [CP] Embed Pods Frameworks */ = {
			isa = PBXShellScriptBuildPhase;
			buildActionMask = 2147483647;
			files = (
			);
			inputPaths = (
			);
			name = "[CP] Embed Pods Frameworks";
			outputPaths = (
			);
			runOnlyForDeploymentPostprocessing = 0;
			shellPath = /bin/sh;
			shellScript = "\"${SRCROOT}/Pods/Target Support Files/Pods-BaseProjectUITests/Pods-BaseProjectUITests-frameworks.sh\"\n";
			showEnvVarsInLog = 0;
		};
		89897C7241143682AD1C541C /* [CP] Copy Pods Resources */ = {
			isa = PBXShellScriptBuildPhase;
			buildActionMask = 2147483647;
			files = (
			);
			inputPaths = (
			);
			name = "[CP] Copy Pods Resources";
			outputPaths = (
			);
			runOnlyForDeploymentPostprocessing = 0;
			shellPath = /bin/sh;
			shellScript = "\"${SRCROOT}/Pods/Target Support Files/Pods-BaseProjectTests/Pods-BaseProjectTests-resources.sh\"\n";
			showEnvVarsInLog = 0;
		};
		9C2B9BB6AB7247EC00E53087 /* [CP] Copy Pods Resources */ = {
			isa = PBXShellScriptBuildPhase;
			buildActionMask = 2147483647;
			files = (
			);
			inputPaths = (
			);
			name = "[CP] Copy Pods Resources";
			outputPaths = (
			);
			runOnlyForDeploymentPostprocessing = 0;
			shellPath = /bin/sh;
			shellScript = "\"${SRCROOT}/Pods/Target Support Files/Pods-BaseProject/Pods-BaseProject-resources.sh\"\n";
			showEnvVarsInLog = 0;
		};
		B1AA2DA1E9788225E3EB5BC8 /* [CP] Check Pods Manifest.lock */ = {
			isa = PBXShellScriptBuildPhase;
			buildActionMask = 2147483647;
			files = (
			);
			inputPaths = (
			);
			name = "[CP] Check Pods Manifest.lock";
			outputPaths = (
			);
			runOnlyForDeploymentPostprocessing = 0;
			shellPath = /bin/sh;
			shellScript = "diff \"${PODS_ROOT}/../Podfile.lock\" \"${PODS_ROOT}/Manifest.lock\" > /dev/null\nif [ $? != 0 ] ; then\n    # print error to STDERR\n    echo \"error: The sandbox is not in sync with the Podfile.lock. Run 'pod install' or update your CocoaPods installation.\" >&2\n    exit 1\nfi\n";
			showEnvVarsInLog = 0;
		};
		BB04DAF09B1EF98BB1ADEA9C /* [CP] Check Pods Manifest.lock */ = {
			isa = PBXShellScriptBuildPhase;
			buildActionMask = 2147483647;
			files = (
			);
			inputPaths = (
			);
			name = "[CP] Check Pods Manifest.lock";
			outputPaths = (
			);
			runOnlyForDeploymentPostprocessing = 0;
			shellPath = /bin/sh;
			shellScript = "diff \"${PODS_ROOT}/../Podfile.lock\" \"${PODS_ROOT}/Manifest.lock\" > /dev/null\nif [ $? != 0 ] ; then\n    # print error to STDERR\n    echo \"error: The sandbox is not in sync with the Podfile.lock. Run 'pod install' or update your CocoaPods installation.\" >&2\n    exit 1\nfi\n";
			showEnvVarsInLog = 0;
		};
		F22CE095412C3B84EEBC16B4 /* [CP] Embed Pods Frameworks */ = {
			isa = PBXShellScriptBuildPhase;
			buildActionMask = 2147483647;
			files = (
			);
			inputPaths = (
			);
			name = "[CP] Embed Pods Frameworks";
			outputPaths = (
			);
			runOnlyForDeploymentPostprocessing = 0;
			shellPath = /bin/sh;
			shellScript = "\"${SRCROOT}/Pods/Target Support Files/Pods-BaseProjectTests/Pods-BaseProjectTests-frameworks.sh\"\n";
			showEnvVarsInLog = 0;
		};
/* End PBXShellScriptBuildPhase section */

/* Begin PBXSourcesBuildPhase section */
		6F515AED1E6EC0130062B141 /* Sources */ = {
			isa = PBXSourcesBuildPhase;
			buildActionMask = 2147483647;
			files = (
				6F8945331E78432A00C58E99 /* VersionInfo.m in Sources */,
				6F515B4A1E6F162E0062B141 /* DataSource.swift in Sources */,
				6F515B631E7056CD0062B141 /* Defaults.swift in Sources */,
				6F515B2E1E6EC12C0062B141 /* FirstScreenPresenter.swift in Sources */,
				6F5E68481E76FAB600C3782A /* UIViewConstraintsExtension.swift in Sources */,
				6F8A3B901E6F2E9C0068BA02 /* WebServicesFromLocal.swift in Sources */,
				6FF766891E6F48CC00F6468F /* SecondScreenTableListener.swift in Sources */,
				6F515B511E6F20CA0062B141 /* PrettyLog.swift in Sources */,
				6F515B401E6F0D0C0062B141 /* SecondScreenPresenterDelegate.swift in Sources */,
				6F515B271E6EC0B50062B141 /* Router.swift in Sources */,
				6FAC05641E72CE6700A4FBB0 /* SecondScreenTableViewCell.swift in Sources */,
				6FF766871E6F48BD00F6468F /* SecondScreenTableDelegates.swift in Sources */,
				6F515B481E6F160F0062B141 /* DataSourceDelegate.swift in Sources */,
				6F515B3E1E6F0CFF0062B141 /* SecondScreenPresenter.swift in Sources */,
				6F89452E1E783F0A00C58E99 /* UIColorRGBExtension.swift in Sources */,
				6F515B301E6EC13F0062B141 /* FirstScreenPresenterDelegate.swift in Sources */,
				6F515B5C1E702B960062B141 /* NetworkObserver.swift in Sources */,
				6F9591681E7811C800BC9CCE /* UIViewLoadableFromNib.swift in Sources */,
				6F515B5E1E7043DA0062B141 /* Network.swift in Sources */,
				6F515B461E6F13F20062B141 /* Product.swift in Sources */,
				6FAC05661E72D06D00A4FBB0 /* ImageDownloader.swift in Sources */,
				6F515B551E6F219B0062B141 /* WebServicesLogger.swift in Sources */,
				6F89452C1E783A7100C58E99 /* UIDeviceInchesExtension.swift in Sources */,
				6F95916E1E782D3900BC9CCE /* CustomViewDelegate.swift in Sources */,
				6F6B03D01E716C5D0049662C /* Cache.swift in Sources */,
				6F8A3B931E6F2F4C0068BA02 /* WebServicesDelegate.swift in Sources */,
				6F515B321E6EC14D0062B141 /* FirstScreenViewControllerDelegate.swift in Sources */,
				6F8945301E783F7A00C58E99 /* UIColorPaletteExtension.swift in Sources */,
				6F515B3C1E6F0CF00062B141 /* SecondScreenViewController.swift in Sources */,
				6F515AF51E6EC0130062B141 /* AppDelegate.swift in Sources */,
				6F515B421E6F0D1E0062B141 /* SecondScreenViewControllerDelegate.swift in Sources */,
				6F515B611E7056BA0062B141 /* DefaultsDelegate.swift in Sources */,
				6F515B4C1E6F172F0062B141 /* RouterDelegate.swift in Sources */,
				6F515B291E6EC0C00062B141 /* PresenterInstances.swift in Sources */,
				6F515B4E1E6F19F10062B141 /* WebServices.swift in Sources */,
				6F515B581E7000E20062B141 /* UIAlertControllerExtension.swift in Sources */,
				6F95916A1E782C3400BC9CCE /* CustomView.swift in Sources */,
				6F515B2C1E6EC1170062B141 /* FirstScreenViewController.swift in Sources */,
			);
			runOnlyForDeploymentPostprocessing = 0;
		};
		6F515B011E6EC0130062B141 /* Sources */ = {
			isa = PBXSourcesBuildPhase;
			buildActionMask = 2147483647;
			files = (
				6F515B0A1E6EC0130062B141 /* BaseProjectTests.swift in Sources */,
			);
			runOnlyForDeploymentPostprocessing = 0;
		};
		6F515B0C1E6EC0130062B141 /* Sources */ = {
			isa = PBXSourcesBuildPhase;
			buildActionMask = 2147483647;
			files = (
				6F515B151E6EC0130062B141 /* BaseProjectUITests.swift in Sources */,
			);
			runOnlyForDeploymentPostprocessing = 0;
		};
/* End PBXSourcesBuildPhase section */

/* Begin PBXTargetDependency section */
		6F515B071E6EC0130062B141 /* PBXTargetDependency */ = {
			isa = PBXTargetDependency;
			target = 6F515AF01E6EC0130062B141 /* BaseProject */;
			targetProxy = 6F515B061E6EC0130062B141 /* PBXContainerItemProxy */;
		};
		6F515B121E6EC0130062B141 /* PBXTargetDependency */ = {
			isa = PBXTargetDependency;
			target = 6F515AF01E6EC0130062B141 /* BaseProject */;
			targetProxy = 6F515B111E6EC0130062B141 /* PBXContainerItemProxy */;
		};
/* End PBXTargetDependency section */

/* Begin PBXVariantGroup section */
		6F515AFD1E6EC0130062B141 /* LaunchScreen.storyboard */ = {
			isa = PBXVariantGroup;
			children = (
				6F515AFE1E6EC0130062B141 /* Base */,
			);
			name = LaunchScreen.storyboard;
			sourceTree = "<group>";
		};
		6F8A3B9B1E6F34FF0068BA02 /* Localizable.strings */ = {
			isa = PBXVariantGroup;
			children = (
				6F8A3B9A1E6F34FF0068BA02 /* Base */,
			);
			name = Localizable.strings;
			sourceTree = "<group>";
		};
/* End PBXVariantGroup section */

/* Begin XCBuildConfiguration section */
		6F515B171E6EC0130062B141 /* Debug */ = {
			isa = XCBuildConfiguration;
			buildSettings = {
				ALWAYS_SEARCH_USER_PATHS = NO;
				CLANG_ANALYZER_NONNULL = YES;
				CLANG_CXX_LANGUAGE_STANDARD = "gnu++0x";
				CLANG_CXX_LIBRARY = "libc++";
				CLANG_ENABLE_MODULES = YES;
				CLANG_ENABLE_OBJC_ARC = YES;
				CLANG_WARN_BOOL_CONVERSION = YES;
				CLANG_WARN_CONSTANT_CONVERSION = YES;
				CLANG_WARN_DIRECT_OBJC_ISA_USAGE = YES_ERROR;
				CLANG_WARN_DOCUMENTATION_COMMENTS = YES;
				CLANG_WARN_EMPTY_BODY = YES;
				CLANG_WARN_ENUM_CONVERSION = YES;
				CLANG_WARN_INFINITE_RECURSION = YES;
				CLANG_WARN_INT_CONVERSION = YES;
				CLANG_WARN_OBJC_ROOT_CLASS = YES_ERROR;
				CLANG_WARN_SUSPICIOUS_MOVE = YES;
				CLANG_WARN_UNREACHABLE_CODE = YES;
				CLANG_WARN__DUPLICATE_METHOD_MATCH = YES;
				"CODE_SIGN_IDENTITY[sdk=iphoneos*]" = "iPhone Developer";
				COPY_PHASE_STRIP = NO;
				DEBUG_INFORMATION_FORMAT = dwarf;
				DEFINES_MODULE = YES;
				ENABLE_STRICT_OBJC_MSGSEND = YES;
				ENABLE_TESTABILITY = YES;
				GCC_C_LANGUAGE_STANDARD = gnu99;
				GCC_DYNAMIC_NO_PIC = NO;
				GCC_NO_COMMON_BLOCKS = YES;
				GCC_OPTIMIZATION_LEVEL = 0;
				GCC_PRECOMPILE_PREFIX_HEADER = YES;
				GCC_PREPROCESSOR_DEFINITIONS = (
					"DEBUG=1",
					"$(inherited)",
				);
				GCC_WARN_64_TO_32_BIT_CONVERSION = YES;
				GCC_WARN_ABOUT_RETURN_TYPE = YES_ERROR;
				GCC_WARN_UNDECLARED_SELECTOR = YES;
				GCC_WARN_UNINITIALIZED_AUTOS = YES_AGGRESSIVE;
				GCC_WARN_UNUSED_FUNCTION = YES;
				GCC_WARN_UNUSED_VARIABLE = YES;
				IPHONEOS_DEPLOYMENT_TARGET = 10.2;
				MTL_ENABLE_DEBUG_INFO = YES;
				ONLY_ACTIVE_ARCH = YES;
				SDKROOT = iphoneos;
				SWIFT_ACTIVE_COMPILATION_CONDITIONS = DEBUG;
				SWIFT_OPTIMIZATION_LEVEL = "-Onone";
			};
			name = Debug;
		};
		6F515B181E6EC0130062B141 /* Release */ = {
			isa = XCBuildConfiguration;
			buildSettings = {
				ALWAYS_SEARCH_USER_PATHS = NO;
				CLANG_ANALYZER_NONNULL = YES;
				CLANG_CXX_LANGUAGE_STANDARD = "gnu++0x";
				CLANG_CXX_LIBRARY = "libc++";
				CLANG_ENABLE_MODULES = YES;
				CLANG_ENABLE_OBJC_ARC = YES;
				CLANG_WARN_BOOL_CONVERSION = YES;
				CLANG_WARN_CONSTANT_CONVERSION = YES;
				CLANG_WARN_DIRECT_OBJC_ISA_USAGE = YES_ERROR;
				CLANG_WARN_DOCUMENTATION_COMMENTS = YES;
				CLANG_WARN_EMPTY_BODY = YES;
				CLANG_WARN_ENUM_CONVERSION = YES;
				CLANG_WARN_INFINITE_RECURSION = YES;
				CLANG_WARN_INT_CONVERSION = YES;
				CLANG_WARN_OBJC_ROOT_CLASS = YES_ERROR;
				CLANG_WARN_SUSPICIOUS_MOVE = YES;
				CLANG_WARN_UNREACHABLE_CODE = YES;
				CLANG_WARN__DUPLICATE_METHOD_MATCH = YES;
				"CODE_SIGN_IDENTITY[sdk=iphoneos*]" = "iPhone Developer";
				COPY_PHASE_STRIP = NO;
				DEBUG_INFORMATION_FORMAT = "dwarf-with-dsym";
				DEFINES_MODULE = YES;
				ENABLE_NS_ASSERTIONS = NO;
				ENABLE_STRICT_OBJC_MSGSEND = YES;
				GCC_C_LANGUAGE_STANDARD = gnu99;
				GCC_NO_COMMON_BLOCKS = YES;
				GCC_PRECOMPILE_PREFIX_HEADER = YES;
				GCC_WARN_64_TO_32_BIT_CONVERSION = YES;
				GCC_WARN_ABOUT_RETURN_TYPE = YES_ERROR;
				GCC_WARN_UNDECLARED_SELECTOR = YES;
				GCC_WARN_UNINITIALIZED_AUTOS = YES_AGGRESSIVE;
				GCC_WARN_UNUSED_FUNCTION = YES;
				GCC_WARN_UNUSED_VARIABLE = YES;
				IPHONEOS_DEPLOYMENT_TARGET = 10.2;
				MTL_ENABLE_DEBUG_INFO = NO;
				SDKROOT = iphoneos;
				SWIFT_OPTIMIZATION_LEVEL = "-Owholemodule";
				VALIDATE_PRODUCT = YES;
			};
			name = Release;
		};
		6F515B1A1E6EC0130062B141 /* Debug */ = {
			isa = XCBuildConfiguration;
			baseConfigurationReference = 52ED6C05F0D04BE6DBCD2468 /* Pods-BaseProject.debug.xcconfig */;
			buildSettings = {
				ALWAYS_EMBED_SWIFT_STANDARD_LIBRARIES = YES;
				ASSETCATALOG_COMPILER_APPICON_NAME = AppIcon;
				CLANG_ENABLE_MODULES = YES;
				DEVELOPMENT_TEAM = X7FQ3DUR48;
				GCC_PREFIX_HEADER = BaseProject/BaseProject.pch;
				INFOPLIST_FILE = BaseProject/Info.plist;
				LD_RUNPATH_SEARCH_PATHS = "$(inherited) @executable_path/Frameworks";
				PRODUCT_BUNDLE_IDENTIFIER = com.jaimearanaz.BaseProject;
				PRODUCT_NAME = "$(TARGET_NAME)";
				SWIFT_OBJC_BRIDGING_HEADER = "BaseProject/BaseProject-Bridging-Header.h";
				SWIFT_OPTIMIZATION_LEVEL = "-Onone";
				SWIFT_VERSION = 3.0;
			};
			name = Debug;
		};
		6F515B1B1E6EC0130062B141 /* Release */ = {
			isa = XCBuildConfiguration;
			baseConfigurationReference = 67C2C356E9CDA45BD7920D64 /* Pods-BaseProject.release.xcconfig */;
			buildSettings = {
				ALWAYS_EMBED_SWIFT_STANDARD_LIBRARIES = YES;
				ASSETCATALOG_COMPILER_APPICON_NAME = AppIcon;
				CLANG_ENABLE_MODULES = YES;
				DEVELOPMENT_TEAM = X7FQ3DUR48;
				GCC_PREFIX_HEADER = BaseProject/BaseProject.pch;
				INFOPLIST_FILE = BaseProject/Info.plist;
				LD_RUNPATH_SEARCH_PATHS = "$(inherited) @executable_path/Frameworks";
				PRODUCT_BUNDLE_IDENTIFIER = com.jaimearanaz.BaseProject;
				PRODUCT_NAME = "$(TARGET_NAME)";
				SWIFT_OBJC_BRIDGING_HEADER = "BaseProject/BaseProject-Bridging-Header.h";
				SWIFT_VERSION = 3.0;
			};
			name = Release;
		};
		6F515B1D1E6EC0130062B141 /* Debug */ = {
			isa = XCBuildConfiguration;
			baseConfigurationReference = 8EAA926986630E91553532B3 /* Pods-BaseProjectTests.debug.xcconfig */;
			buildSettings = {
				ALWAYS_EMBED_SWIFT_STANDARD_LIBRARIES = YES;
				BUNDLE_LOADER = "$(TEST_HOST)";
				DEVELOPMENT_TEAM = X7FQ3DUR48;
				INFOPLIST_FILE = BaseProjectTests/Info.plist;
				LD_RUNPATH_SEARCH_PATHS = "$(inherited) @executable_path/Frameworks @loader_path/Frameworks";
				PRODUCT_BUNDLE_IDENTIFIER = com.jaimearanaz.BaseProjectTests;
				PRODUCT_NAME = "$(TARGET_NAME)";
				SWIFT_VERSION = 3.0;
				TEST_HOST = "$(BUILT_PRODUCTS_DIR)/BaseProject.app/BaseProject";
			};
			name = Debug;
		};
		6F515B1E1E6EC0130062B141 /* Release */ = {
			isa = XCBuildConfiguration;
			baseConfigurationReference = 5FEF7087D3F2C89696FA108A /* Pods-BaseProjectTests.release.xcconfig */;
			buildSettings = {
				ALWAYS_EMBED_SWIFT_STANDARD_LIBRARIES = YES;
				BUNDLE_LOADER = "$(TEST_HOST)";
				DEVELOPMENT_TEAM = X7FQ3DUR48;
				INFOPLIST_FILE = BaseProjectTests/Info.plist;
				LD_RUNPATH_SEARCH_PATHS = "$(inherited) @executable_path/Frameworks @loader_path/Frameworks";
				PRODUCT_BUNDLE_IDENTIFIER = com.jaimearanaz.BaseProjectTests;
				PRODUCT_NAME = "$(TARGET_NAME)";
				SWIFT_VERSION = 3.0;
				TEST_HOST = "$(BUILT_PRODUCTS_DIR)/BaseProject.app/BaseProject";
			};
			name = Release;
		};
		6F515B201E6EC0130062B141 /* Debug */ = {
			isa = XCBuildConfiguration;
			baseConfigurationReference = FDC6D2E1B20D908624B6E0C7 /* Pods-BaseProjectUITests.debug.xcconfig */;
			buildSettings = {
				ALWAYS_EMBED_SWIFT_STANDARD_LIBRARIES = YES;
				DEVELOPMENT_TEAM = X7FQ3DUR48;
				INFOPLIST_FILE = BaseProjectUITests/Info.plist;
				LD_RUNPATH_SEARCH_PATHS = "$(inherited) @executable_path/Frameworks @loader_path/Frameworks";
				PRODUCT_BUNDLE_IDENTIFIER = com.jaimearanaz.BaseProjectUITests;
				PRODUCT_NAME = "$(TARGET_NAME)";
				SWIFT_VERSION = 3.0;
				TEST_TARGET_NAME = BaseProject;
			};
			name = Debug;
		};
		6F515B211E6EC0130062B141 /* Release */ = {
			isa = XCBuildConfiguration;
			baseConfigurationReference = F0A1656418D0AD9E16680C01 /* Pods-BaseProjectUITests.release.xcconfig */;
			buildSettings = {
				ALWAYS_EMBED_SWIFT_STANDARD_LIBRARIES = YES;
				DEVELOPMENT_TEAM = X7FQ3DUR48;
				INFOPLIST_FILE = BaseProjectUITests/Info.plist;
				LD_RUNPATH_SEARCH_PATHS = "$(inherited) @executable_path/Frameworks @loader_path/Frameworks";
				PRODUCT_BUNDLE_IDENTIFIER = com.jaimearanaz.BaseProjectUITests;
				PRODUCT_NAME = "$(TARGET_NAME)";
				SWIFT_VERSION = 3.0;
				TEST_TARGET_NAME = BaseProject;
			};
			name = Release;
		};
/* End XCBuildConfiguration section */

/* Begin XCConfigurationList section */
		6F515AEC1E6EC0130062B141 /* Build configuration list for PBXProject "BaseProject" */ = {
			isa = XCConfigurationList;
			buildConfigurations = (
				6F515B171E6EC0130062B141 /* Debug */,
				6F515B181E6EC0130062B141 /* Release */,
			);
			defaultConfigurationIsVisible = 0;
			defaultConfigurationName = Release;
		};
		6F515B191E6EC0130062B141 /* Build configuration list for PBXNativeTarget "BaseProject" */ = {
			isa = XCConfigurationList;
			buildConfigurations = (
				6F515B1A1E6EC0130062B141 /* Debug */,
				6F515B1B1E6EC0130062B141 /* Release */,
			);
			defaultConfigurationIsVisible = 0;
			defaultConfigurationName = Release;
		};
		6F515B1C1E6EC0130062B141 /* Build configuration list for PBXNativeTarget "BaseProjectTests" */ = {
			isa = XCConfigurationList;
			buildConfigurations = (
				6F515B1D1E6EC0130062B141 /* Debug */,
				6F515B1E1E6EC0130062B141 /* Release */,
			);
			defaultConfigurationIsVisible = 0;
			defaultConfigurationName = Release;
		};
		6F515B1F1E6EC0130062B141 /* Build configuration list for PBXNativeTarget "BaseProjectUITests" */ = {
			isa = XCConfigurationList;
			buildConfigurations = (
				6F515B201E6EC0130062B141 /* Debug */,
				6F515B211E6EC0130062B141 /* Release */,
			);
			defaultConfigurationIsVisible = 0;
			defaultConfigurationName = Release;
		};
/* End XCConfigurationList section */
	};
	rootObject = 6F515AE91E6EC0130062B141 /* Project object */;
}
